
Microsoft Visual Studio Solution File, Format Version 12.00
# Visual Studio Version 16
VisualStudioVersion = 16.0.29209.62
MinimumVisualStudioVersion = 10.0.40219.1
Project("{FAE04EC0-301F-11D3-BF4B-00C04F79EFBC}") = "Generailzation", "Generailzation.csproj", "{B93648A3-8DFA-4166-BA3C-677127846FA8}"
EndProject
Global
	GlobalSection(SolutionConfigurationPlatforms) = preSolution
		Debug|Any CPU = Debug|Any CPU
		Release|Any CPU = Release|Any CPU
	EndGlobalSection
	GlobalSection(ProjectConfigurationPlatforms) = postSolution
		{B93648A3-8DFA-4166-BA3C-677127846FA8}.Debug|Any CPU.ActiveCfg = Debug|Any CPU
		{B93648A3-8DFA-4166-BA3C-677127846FA8}.Debug|Any CPU.Build.0 = Debug|Any CPU
		{B93648A3-8DFA-4166-BA3C-677127846FA8}.Release|Any CPU.ActiveCfg = Release|Any CPU
		{B93648A3-8DFA-4166-BA3C-677127846FA8}.Release|Any CPU.Build.0 = Release|Any CPU
	EndGlobalSection
	GlobalSection(SolutionProperties) = preSolution
		HideSolutionNode = FALSE
	EndGlobalSection
	GlobalSection(ExtensibilityGlobals) = postSolution
		SolutionGuid = {1CD541E4-419F-48B7-9B9D-7368160DFE29}
	EndGlobalSection
EndGlobal
