
Microsoft Visual Studio Solution File, Format Version 12.00
# Visual Studio Version 16
VisualStudioVersion = 16.0.29209.62
MinimumVisualStudioVersion = 10.0.40219.1
Project("{FAE04EC0-301F-11D3-BF4B-00C04F79EFBC}") = "AsyncFileIOWinForm", "AsyncFileIOWinForm.csproj", "{01D49560-09B9-4B1E-A25D-ACE1EB101B51}"
EndProject
Global
	GlobalSection(SolutionConfigurationPlatforms) = preSolution
		Debug|Any CPU = Debug|Any CPU
		Release|Any CPU = Release|Any CPU
	EndGlobalSection
	GlobalSection(ProjectConfigurationPlatforms) = postSolution
		{01D49560-09B9-4B1E-A25D-ACE1EB101B51}.Debug|Any CPU.ActiveCfg = Debug|Any CPU
		{01D49560-09B9-4B1E-A25D-ACE1EB101B51}.Debug|Any CPU.Build.0 = Debug|Any CPU
		{01D49560-09B9-4B1E-A25D-ACE1EB101B51}.Release|Any CPU.ActiveCfg = Release|Any CPU
		{01D49560-09B9-4B1E-A25D-ACE1EB101B51}.Release|Any CPU.Build.0 = Release|Any CPU
	EndGlobalSection
	GlobalSection(SolutionProperties) = preSolution
		HideSolutionNode = FALSE
	EndGlobalSection
	GlobalSection(ExtensibilityGlobals) = postSolution
		SolutionGuid = {7541DBF7-E9DA-495A-B95B-0A4B37AF6FF7}
	EndGlobalSection
EndGlobal
