
Microsoft Visual Studio Solution File, Format Version 12.00
# Visual Studio Version 16
VisualStudioVersion = 16.0.29209.62
MinimumVisualStudioVersion = 10.0.40219.1
Project("{FAE04EC0-301F-11D3-BF4B-00C04F79EFBC}") = "ValueTypes", "ValueTypes.csproj", "{5557E0FB-2354-41DD-8EDA-431E6BCC6F75}"
EndProject
Global
	GlobalSection(SolutionConfigurationPlatforms) = preSolution
		Debug|Any CPU = Debug|Any CPU
		Release|Any CPU = Release|Any CPU
	EndGlobalSection
	GlobalSection(ProjectConfigurationPlatforms) = postSolution
		{5557E0FB-2354-41DD-8EDA-431E6BCC6F75}.Debug|Any CPU.ActiveCfg = Debug|Any CPU
		{5557E0FB-2354-41DD-8EDA-431E6BCC6F75}.Debug|Any CPU.Build.0 = Debug|Any CPU
		{5557E0FB-2354-41DD-8EDA-431E6BCC6F75}.Release|Any CPU.ActiveCfg = Release|Any CPU
		{5557E0FB-2354-41DD-8EDA-431E6BCC6F75}.Release|Any CPU.Build.0 = Release|Any CPU
	EndGlobalSection
	GlobalSection(SolutionProperties) = preSolution
		HideSolutionNode = FALSE
	EndGlobalSection
	GlobalSection(ExtensibilityGlobals) = postSolution
		SolutionGuid = {24C7C837-1142-4E31-BBC3-870B82C97156}
	EndGlobalSection
EndGlobal
