
Microsoft Visual Studio Solution File, Format Version 12.00
# Visual Studio Version 16
VisualStudioVersion = 16.0.29209.62
MinimumVisualStudioVersion = 10.0.40219.1
Project("{FAE04EC0-301F-11D3-BF4B-00C04F79EFBC}") = "ExceptionHandling", "ExceptionHandling.csproj", "{CF1B0E67-7041-4F28-9E71-DB21A516D4AA}"
EndProject
Global
	GlobalSection(SolutionConfigurationPlatforms) = preSolution
		Debug|Any CPU = Debug|Any CPU
		Release|Any CPU = Release|Any CPU
	EndGlobalSection
	GlobalSection(ProjectConfigurationPlatforms) = postSolution
		{CF1B0E67-7041-4F28-9E71-DB21A516D4AA}.Debug|Any CPU.ActiveCfg = Debug|Any CPU
		{CF1B0E67-7041-4F28-9E71-DB21A516D4AA}.Debug|Any CPU.Build.0 = Debug|Any CPU
		{CF1B0E67-7041-4F28-9E71-DB21A516D4AA}.Release|Any CPU.ActiveCfg = Release|Any CPU
		{CF1B0E67-7041-4F28-9E71-DB21A516D4AA}.Release|Any CPU.Build.0 = Release|Any CPU
	EndGlobalSection
	GlobalSection(SolutionProperties) = preSolution
		HideSolutionNode = FALSE
	EndGlobalSection
	GlobalSection(ExtensibilityGlobals) = postSolution
		SolutionGuid = {6F6F5D10-41D0-492B-ADB2-7E14049E55B0}
	EndGlobalSection
EndGlobal
