
Microsoft Visual Studio Solution File, Format Version 12.00
# Visual Studio Version 16
VisualStudioVersion = 16.0.29209.62
MinimumVisualStudioVersion = 10.0.40219.1
Project("{FAE04EC0-301F-11D3-BF4B-00C04F79EFBC}") = "WithPython", "WithPython.csproj", "{FABF0F31-E169-43E8-8306-EC790D11DAD5}"
EndProject
Global
	GlobalSection(SolutionConfigurationPlatforms) = preSolution
		Debug|Any CPU = Debug|Any CPU
		Release|Any CPU = Release|Any CPU
	EndGlobalSection
	GlobalSection(ProjectConfigurationPlatforms) = postSolution
		{FABF0F31-E169-43E8-8306-EC790D11DAD5}.Debug|Any CPU.ActiveCfg = Debug|Any CPU
		{FABF0F31-E169-43E8-8306-EC790D11DAD5}.Debug|Any CPU.Build.0 = Debug|Any CPU
		{FABF0F31-E169-43E8-8306-EC790D11DAD5}.Release|Any CPU.ActiveCfg = Release|Any CPU
		{FABF0F31-E169-43E8-8306-EC790D11DAD5}.Release|Any CPU.Build.0 = Release|Any CPU
	EndGlobalSection
	GlobalSection(SolutionProperties) = preSolution
		HideSolutionNode = FALSE
	EndGlobalSection
	GlobalSection(ExtensibilityGlobals) = postSolution
		SolutionGuid = {BB3D6685-9E65-4537-8649-23E883441DCD}
	EndGlobalSection
EndGlobal
