
Microsoft Visual Studio Solution File, Format Version 12.00
# Visual Studio Version 16
VisualStudioVersion = 16.0.29209.62
MinimumVisualStudioVersion = 10.0.40219.1
Project("{FAE04EC0-301F-11D3-BF4B-00C04F79EFBC}") = "Method", "Method.csproj", "{5E433DAF-5E95-459A-B97C-88F1D128675A}"
EndProject
Global
	GlobalSection(SolutionConfigurationPlatforms) = preSolution
		Debug|Any CPU = Debug|Any CPU
		Release|Any CPU = Release|Any CPU
	EndGlobalSection
	GlobalSection(ProjectConfigurationPlatforms) = postSolution
		{5E433DAF-5E95-459A-B97C-88F1D128675A}.Debug|Any CPU.ActiveCfg = Debug|Any CPU
		{5E433DAF-5E95-459A-B97C-88F1D128675A}.Debug|Any CPU.Build.0 = Debug|Any CPU
		{5E433DAF-5E95-459A-B97C-88F1D128675A}.Release|Any CPU.ActiveCfg = Release|Any CPU
		{5E433DAF-5E95-459A-B97C-88F1D128675A}.Release|Any CPU.Build.0 = Release|Any CPU
	EndGlobalSection
	GlobalSection(SolutionProperties) = preSolution
		HideSolutionNode = FALSE
	EndGlobalSection
	GlobalSection(ExtensibilityGlobals) = postSolution
		SolutionGuid = {5BDF2EE5-AE47-44C4-93F7-8A6009DAE632}
	EndGlobalSection
EndGlobal
