
Microsoft Visual Studio Solution File, Format Version 12.00
# Visual Studio Version 16
VisualStudioVersion = 16.0.29209.62
MinimumVisualStudioVersion = 10.0.40219.1
Project("{FAE04EC0-301F-11D3-BF4B-00C04F79EFBC}") = "EchoClient", "EchoClient.csproj", "{D7E3A851-D10C-4371-BA64-B79AA5577685}"
EndProject
Global
	GlobalSection(SolutionConfigurationPlatforms) = preSolution
		Debug|Any CPU = Debug|Any CPU
		Release|Any CPU = Release|Any CPU
	EndGlobalSection
	GlobalSection(ProjectConfigurationPlatforms) = postSolution
		{D7E3A851-D10C-4371-BA64-B79AA5577685}.Debug|Any CPU.ActiveCfg = Debug|Any CPU
		{D7E3A851-D10C-4371-BA64-B79AA5577685}.Debug|Any CPU.Build.0 = Debug|Any CPU
		{D7E3A851-D10C-4371-BA64-B79AA5577685}.Release|Any CPU.ActiveCfg = Release|Any CPU
		{D7E3A851-D10C-4371-BA64-B79AA5577685}.Release|Any CPU.Build.0 = Release|Any CPU
	EndGlobalSection
	GlobalSection(SolutionProperties) = preSolution
		HideSolutionNode = FALSE
	EndGlobalSection
	GlobalSection(ExtensibilityGlobals) = postSolution
		SolutionGuid = {82AFC7F7-34E6-497F-B4CB-FCE18C8C266C}
	EndGlobalSection
EndGlobal
