
Microsoft Visual Studio Solution File, Format Version 12.00
# Visual Studio Version 16
VisualStudioVersion = 16.0.29209.62
MinimumVisualStudioVersion = 10.0.40219.1
Project("{FAE04EC0-301F-11D3-BF4B-00C04F79EFBC}") = "FileReceive", "FileReceive.csproj", "{91A54B1D-5736-4FBE-BD77-270B031BA209}"
EndProject
Global
	GlobalSection(SolutionConfigurationPlatforms) = preSolution
		Debug|Any CPU = Debug|Any CPU
		Release|Any CPU = Release|Any CPU
	EndGlobalSection
	GlobalSection(ProjectConfigurationPlatforms) = postSolution
		{91A54B1D-5736-4FBE-BD77-270B031BA209}.Debug|Any CPU.ActiveCfg = Debug|Any CPU
		{91A54B1D-5736-4FBE-BD77-270B031BA209}.Debug|Any CPU.Build.0 = Debug|Any CPU
		{91A54B1D-5736-4FBE-BD77-270B031BA209}.Release|Any CPU.ActiveCfg = Release|Any CPU
		{91A54B1D-5736-4FBE-BD77-270B031BA209}.Release|Any CPU.Build.0 = Release|Any CPU
	EndGlobalSection
	GlobalSection(SolutionProperties) = preSolution
		HideSolutionNode = FALSE
	EndGlobalSection
	GlobalSection(ExtensibilityGlobals) = postSolution
		SolutionGuid = {5C17D9CA-88D3-4D9F-B398-2F7F89A56EB9}
	EndGlobalSection
EndGlobal
