
Microsoft Visual Studio Solution File, Format Version 12.00
# Visual Studio Version 16
VisualStudioVersion = 16.0.30204.135
MinimumVisualStudioVersion = 10.0.40219.1
Project("{FAE04EC0-301F-11D3-BF4B-00C04F79EFBC}") = "Ipapi_test", "Ipapi_test\Ipapi_test.csproj", "{8A6B12F2-65EE-4B79-BC77-9CC5AF9DFEE4}"
EndProject
Global
	GlobalSection(SolutionConfigurationPlatforms) = preSolution
		Debug|Any CPU = Debug|Any CPU
		Release|Any CPU = Release|Any CPU
	EndGlobalSection
	GlobalSection(ProjectConfigurationPlatforms) = postSolution
		{8A6B12F2-65EE-4B79-BC77-9CC5AF9DFEE4}.Debug|Any CPU.ActiveCfg = Debug|Any CPU
		{8A6B12F2-65EE-4B79-BC77-9CC5AF9DFEE4}.Debug|Any CPU.Build.0 = Debug|Any CPU
		{8A6B12F2-65EE-4B79-BC77-9CC5AF9DFEE4}.Release|Any CPU.ActiveCfg = Release|Any CPU
		{8A6B12F2-65EE-4B79-BC77-9CC5AF9DFEE4}.Release|Any CPU.Build.0 = Release|Any CPU
	EndGlobalSection
	GlobalSection(SolutionProperties) = preSolution
		HideSolutionNode = FALSE
	EndGlobalSection
	GlobalSection(ExtensibilityGlobals) = postSolution
		SolutionGuid = {D390165E-1AA4-44F1-9F68-64CB4A3B0EF5}
	EndGlobalSection
EndGlobal
